
Microsoft Visual Studio Solution File, Format Version 12.00
# Visual Studio Version 17
VisualStudioVersion = 17.7.34031.279
MinimumVisualStudioVersion = 10.0.40219.1
Project("{9A19103F-16F7-4668-BE54-9A1E7A4F7556}") = "BeckTech.Core", "BeckTech.Core\BeckTech.Core.csproj", "{991D70B6-8E27-4095-B478-983CFBA03A98}"
EndProject
Project("{9A19103F-16F7-4668-BE54-9A1E7A4F7556}") = "BeckTech.Data", "BeckTech.Data\BeckTech.Data.csproj", "{3B2EF9BB-2021-4419-BACB-F7B07A6F07CB}"
EndProject
Project("{9A19103F-16F7-4668-BE54-9A1E7A4F7556}") = "BeckTech.Service", "BeckTech.Service\BeckTech.Service.csproj", "{10DE063B-10DD-4293-BA57-E76E8D0CDBCB}"
EndProject
Project("{9A19103F-16F7-4668-BE54-9A1E7A4F7556}") = "BechTech.Entity", "BechTech.Entity\BechTech.Entity.csproj", "{92F54085-0802-4B7C-8841-29B54570E250}"
EndProject
Project("{FAE04EC0-301F-11D3-BF4B-00C04F79EFBC}") = "BeckTech.Web", "BeckTech.Web\BeckTech.Web.csproj", "{95055C3A-1AFD-4520-9FC2-9ECDCA7CC77F}"
EndProject
Global
	GlobalSection(SolutionConfigurationPlatforms) = preSolution
		Debug|Any CPU = Debug|Any CPU
		Release|Any CPU = Release|Any CPU
	EndGlobalSection
	GlobalSection(ProjectConfigurationPlatforms) = postSolution
		{991D70B6-8E27-4095-B478-983CFBA03A98}.Debug|Any CPU.ActiveCfg = Debug|Any CPU
		{991D70B6-8E27-4095-B478-983CFBA03A98}.Debug|Any CPU.Build.0 = Debug|Any CPU
		{991D70B6-8E27-4095-B478-983CFBA03A98}.Release|Any CPU.ActiveCfg = Release|Any CPU
		{991D70B6-8E27-4095-B478-983CFBA03A98}.Release|Any CPU.Build.0 = Release|Any CPU
		{3B2EF9BB-2021-4419-BACB-F7B07A6F07CB}.Debug|Any CPU.ActiveCfg = Debug|Any CPU
		{3B2EF9BB-2021-4419-BACB-F7B07A6F07CB}.Debug|Any CPU.Build.0 = Debug|Any CPU
		{3B2EF9BB-2021-4419-BACB-F7B07A6F07CB}.Release|Any CPU.ActiveCfg = Release|Any CPU
		{3B2EF9BB-2021-4419-BACB-F7B07A6F07CB}.Release|Any CPU.Build.0 = Release|Any CPU
		{10DE063B-10DD-4293-BA57-E76E8D0CDBCB}.Debug|Any CPU.ActiveCfg = Debug|Any CPU
		{10DE063B-10DD-4293-BA57-E76E8D0CDBCB}.Debug|Any CPU.Build.0 = Debug|Any CPU
		{10DE063B-10DD-4293-BA57-E76E8D0CDBCB}.Release|Any CPU.ActiveCfg = Release|Any CPU
		{10DE063B-10DD-4293-BA57-E76E8D0CDBCB}.Release|Any CPU.Build.0 = Release|Any CPU
		{92F54085-0802-4B7C-8841-29B54570E250}.Debug|Any CPU.ActiveCfg = Debug|Any CPU
		{92F54085-0802-4B7C-8841-29B54570E250}.Debug|Any CPU.Build.0 = Debug|Any CPU
		{92F54085-0802-4B7C-8841-29B54570E250}.Release|Any CPU.ActiveCfg = Release|Any CPU
		{92F54085-0802-4B7C-8841-29B54570E250}.Release|Any CPU.Build.0 = Release|Any CPU
		{95055C3A-1AFD-4520-9FC2-9ECDCA7CC77F}.Debug|Any CPU.ActiveCfg = Debug|Any CPU
		{95055C3A-1AFD-4520-9FC2-9ECDCA7CC77F}.Debug|Any CPU.Build.0 = Debug|Any CPU
		{95055C3A-1AFD-4520-9FC2-9ECDCA7CC77F}.Release|Any CPU.ActiveCfg = Release|Any CPU
		{95055C3A-1AFD-4520-9FC2-9ECDCA7CC77F}.Release|Any CPU.Build.0 = Release|Any CPU
	EndGlobalSection
	GlobalSection(SolutionProperties) = preSolution
		HideSolutionNode = FALSE
	EndGlobalSection
	GlobalSection(ExtensibilityGlobals) = postSolution
		SolutionGuid = {D9D6604B-6452-4682-9B3A-E336DEDB5BD6}
	EndGlobalSection
EndGlobal
